
Microsoft Visual Studio Solution File, Format Version 12.00
# Visual Studio 15
Project("{FAE04EC0-301F-11D3-BF4B-00C04F79EFBC}") = "LampSim", "Assembly-CSharp.csproj", "{1212D6A5-4B99-23C6-2A19-1898FB031CAC}"
EndProject
Project("{FAE04EC0-301F-11D3-BF4B-00C04F79EFBC}") = "LampSim", "Assembly-CSharp-Editor.csproj", "{DE5550CE-75FA-58F4-C860-44FD3D49AE40}"
EndProject
Global
	GlobalSection(SolutionConfigurationPlatforms) = preSolution
		Debug|Any CPU = Debug|Any CPU
		Release|Any CPU = Release|Any CPU
	EndGlobalSection
	GlobalSection(ProjectConfigurationPlatforms) = postSolution
		{1212D6A5-4B99-23C6-2A19-1898FB031CAC}.Debug|Any CPU.ActiveCfg = Debug|Any CPU
		{1212D6A5-4B99-23C6-2A19-1898FB031CAC}.Debug|Any CPU.Build.0 = Debug|Any CPU
		{1212D6A5-4B99-23C6-2A19-1898FB031CAC}.Release|Any CPU.ActiveCfg = Release|Any CPU
		{1212D6A5-4B99-23C6-2A19-1898FB031CAC}.Release|Any CPU.Build.0 = Release|Any CPU
		{DE5550CE-75FA-58F4-C860-44FD3D49AE40}.Debug|Any CPU.ActiveCfg = Debug|Any CPU
		{DE5550CE-75FA-58F4-C860-44FD3D49AE40}.Debug|Any CPU.Build.0 = Debug|Any CPU
		{DE5550CE-75FA-58F4-C860-44FD3D49AE40}.Release|Any CPU.ActiveCfg = Release|Any CPU
		{DE5550CE-75FA-58F4-C860-44FD3D49AE40}.Release|Any CPU.Build.0 = Release|Any CPU
	EndGlobalSection
	GlobalSection(SolutionProperties) = preSolution
		HideSolutionNode = FALSE
	EndGlobalSection
EndGlobal
